// !$*UTF8*$!
{
	archiveVersion = 1;
	classes = {
	};
	objectVersion = 46;
	objects = {

/* Begin PBXBuildFile section */
		41B4CDC259D70C34EA648805 /* libPods-StoreSearch.a in Frameworks */ = {isa = PBXBuildFile; fileRef = 9B93F2438DE6D042AD63060B /* libPods-StoreSearch.a */; };
		CB8B56DA1B9EC7FD00DB29A1 /* LoadingCell.xib in Resources */ = {isa = PBXBuildFile; fileRef = CB8B56D91B9EC7FD00DB29A1 /* LoadingCell.xib */; };
		CB8B56DE1B9F19C500DB29A1 /* DetailViewController.m in Sources */ = {isa = PBXBuildFile; fileRef = CB8B56DC1B9F19C500DB29A1 /* DetailViewController.m */; };
		CB8B56DF1B9F19C500DB29A1 /* DetailViewController.xib in Resources */ = {isa = PBXBuildFile; fileRef = CB8B56DD1B9F19C500DB29A1 /* DetailViewController.xib */; };
		CBAD37351BA04D5100CA5087 /* GradientView.m in Sources */ = {isa = PBXBuildFile; fileRef = CBAD37341BA04D5100CA5087 /* GradientView.m */; };
		CBAD373C1BA068A600CA5087 /* LandscapeViewController.m in Sources */ = {isa = PBXBuildFile; fileRef = CBAD373A1BA068A600CA5087 /* LandscapeViewController.m */; };
		CBAD373D1BA068A600CA5087 /* LandscapeViewController.xib in Resources */ = {isa = PBXBuildFile; fileRef = CBAD373B1BA068A600CA5087 /* LandscapeViewController.xib */; };
		CBE5E6ED1B9D7B71003AF49C /* main.m in Sources */ = {isa = PBXBuildFile; fileRef = CBE5E6EC1B9D7B71003AF49C /* main.m */; };
		CBE5E6F01B9D7B71003AF49C /* AppDelegate.m in Sources */ = {isa = PBXBuildFile; fileRef = CBE5E6EF1B9D7B71003AF49C /* AppDelegate.m */; };
		CBE5E6F81B9D7B71003AF49C /* Images.xcassets in Resources */ = {isa = PBXBuildFile; fileRef = CBE5E6F71B9D7B71003AF49C /* Images.xcassets */; };
		CBE5E7071B9D7B71003AF49C /* StoreSearchTests.m in Sources */ = {isa = PBXBuildFile; fileRef = CBE5E7061B9D7B71003AF49C /* StoreSearchTests.m */; };
		CBE5E7131B9D7BF9003AF49C /* SearchViewController.m in Sources */ = {isa = PBXBuildFile; fileRef = CBE5E7111B9D7BF9003AF49C /* SearchViewController.m */; };
		CBE5E7141B9D7BF9003AF49C /* SearchViewController.xib in Resources */ = {isa = PBXBuildFile; fileRef = CBE5E7121B9D7BF9003AF49C /* SearchViewController.xib */; };
		CBE5E7181B9D8D22003AF49C /* SearchResult.m in Sources */ = {isa = PBXBuildFile; fileRef = CBE5E7171B9D8D22003AF49C /* SearchResult.m */; };
		CBE5E71B1B9DABA5003AF49C /* SearchResultCell.xib in Resources */ = {isa = PBXBuildFile; fileRef = CBE5E71A1B9DABA5003AF49C /* SearchResultCell.xib */; };
		CBE5E71F1B9DAF36003AF49C /* SearchResultCell.m in Sources */ = {isa = PBXBuildFile; fileRef = CBE5E71E1B9DAF36003AF49C /* SearchResultCell.m */; };
		CBE5E7211B9DB7D5003AF49C /* NothingFoundCell.xib in Resources */ = {isa = PBXBuildFile; fileRef = CBE5E7201B9DB7D5003AF49C /* NothingFoundCell.xib */; };
/* End PBXBuildFile section */

/* Begin PBXContainerItemProxy section */
		CBE5E7011B9D7B71003AF49C /* PBXContainerItemProxy */ = {
			isa = PBXContainerItemProxy;
			containerPortal = CBE5E6DF1B9D7B71003AF49C /* Project object */;
			proxyType = 1;
			remoteGlobalIDString = CBE5E6E61B9D7B71003AF49C;
			remoteInfo = StoreSearch;
		};
/* End PBXContainerItemProxy section */

/* Begin PBXFileReference section */
		502F77A89DEDCA99399BCC7A /* Pods-StoreSearch.debug.xcconfig */ = {isa = PBXFileReference; includeInIndex = 1; lastKnownFileType = text.xcconfig; name = "Pods-StoreSearch.debug.xcconfig"; path = "Pods/Target Support Files/Pods-StoreSearch/Pods-StoreSearch.debug.xcconfig"; sourceTree = "<group>"; };
		913312D1CD2C8C2A0D6838D8 /* Pods-StoreSearch.release.xcconfig */ = {isa = PBXFileReference; includeInIndex = 1; lastKnownFileType = text.xcconfig; name = "Pods-StoreSearch.release.xcconfig"; path = "Pods/Target Support Files/Pods-StoreSearch/Pods-StoreSearch.release.xcconfig"; sourceTree = "<group>"; };
		9B93F2438DE6D042AD63060B /* libPods-StoreSearch.a */ = {isa = PBXFileReference; explicitFileType = archive.ar; includeInIndex = 0; path = "libPods-StoreSearch.a"; sourceTree = BUILT_PRODUCTS_DIR; };
		CB8B56D91B9EC7FD00DB29A1 /* LoadingCell.xib */ = {isa = PBXFileReference; fileEncoding = 4; lastKnownFileType = file.xib; path = LoadingCell.xib; sourceTree = "<group>"; };
		CB8B56DB1B9F19C500DB29A1 /* DetailViewController.h */ = {isa = PBXFileReference; fileEncoding = 4; lastKnownFileType = sourcecode.c.h; name = DetailViewController.h; path = Controller/DetailViewController.h; sourceTree = "<group>"; };
		CB8B56DC1B9F19C500DB29A1 /* DetailViewController.m */ = {isa = PBXFileReference; fileEncoding = 4; lastKnownFileType = sourcecode.c.objc; name = DetailViewController.m; path = Controller/DetailViewController.m; sourceTree = "<group>"; };
		CB8B56DD1B9F19C500DB29A1 /* DetailViewController.xib */ = {isa = PBXFileReference; fileEncoding = 4; lastKnownFileType = file.xib; name = DetailViewController.xib; path = Controller/DetailViewController.xib; sourceTree = "<group>"; };
		CBAD37331BA04D5100CA5087 /* GradientView.h */ = {isa = PBXFileReference; fileEncoding = 4; lastKnownFileType = sourcecode.c.h; name = GradientView.h; path = View/GradientView.h; sourceTree = "<group>"; };
		CBAD37341BA04D5100CA5087 /* GradientView.m */ = {isa = PBXFileReference; fileEncoding = 4; lastKnownFileType = sourcecode.c.objc; name = GradientView.m; path = View/GradientView.m; sourceTree = "<group>"; };
		CBAD37391BA068A600CA5087 /* LandscapeViewController.h */ = {isa = PBXFileReference; fileEncoding = 4; lastKnownFileType = sourcecode.c.h; name = LandscapeViewController.h; path = Controller/LandscapeViewController.h; sourceTree = "<group>"; };
		CBAD373A1BA068A600CA5087 /* LandscapeViewController.m */ = {isa = PBXFileReference; fileEncoding = 4; lastKnownFileType = sourcecode.c.objc; name = LandscapeViewController.m; path = Controller/LandscapeViewController.m; sourceTree = "<group>"; };
		CBAD373B1BA068A600CA5087 /* LandscapeViewController.xib */ = {isa = PBXFileReference; fileEncoding = 4; lastKnownFileType = file.xib; name = LandscapeViewController.xib; path = Controller/LandscapeViewController.xib; sourceTree = "<group>"; };
		CBE5E6E71B9D7B71003AF49C /* StoreSearch.app */ = {isa = PBXFileReference; explicitFileType = wrapper.application; includeInIndex = 0; path = StoreSearch.app; sourceTree = BUILT_PRODUCTS_DIR; };
		CBE5E6EB1B9D7B71003AF49C /* Info.plist */ = {isa = PBXFileReference; lastKnownFileType = text.plist.xml; path = Info.plist; sourceTree = "<group>"; };
		CBE5E6EC1B9D7B71003AF49C /* main.m */ = {isa = PBXFileReference; lastKnownFileType = sourcecode.c.objc; path = main.m; sourceTree = "<group>"; };
		CBE5E6EE1B9D7B71003AF49C /* AppDelegate.h */ = {isa = PBXFileReference; lastKnownFileType = sourcecode.c.h; path = AppDelegate.h; sourceTree = "<group>"; };
		CBE5E6EF1B9D7B71003AF49C /* AppDelegate.m */ = {isa = PBXFileReference; lastKnownFileType = sourcecode.c.objc; path = AppDelegate.m; sourceTree = "<group>"; };
		CBE5E6F71B9D7B71003AF49C /* Images.xcassets */ = {isa = PBXFileReference; lastKnownFileType = folder.assetcatalog; path = Images.xcassets; sourceTree = "<group>"; };
		CBE5E7001B9D7B71003AF49C /* StoreSearchTests.xctest */ = {isa = PBXFileReference; explicitFileType = wrapper.cfbundle; includeInIndex = 0; path = StoreSearchTests.xctest; sourceTree = BUILT_PRODUCTS_DIR; };
		CBE5E7051B9D7B71003AF49C /* Info.plist */ = {isa = PBXFileReference; lastKnownFileType = text.plist.xml; path = Info.plist; sourceTree = "<group>"; };
		CBE5E7061B9D7B71003AF49C /* StoreSearchTests.m */ = {isa = PBXFileReference; lastKnownFileType = sourcecode.c.objc; path = StoreSearchTests.m; sourceTree = "<group>"; };
		CBE5E7101B9D7BF9003AF49C /* SearchViewController.h */ = {isa = PBXFileReference; fileEncoding = 4; lastKnownFileType = sourcecode.c.h; name = SearchViewController.h; path = Controller/SearchViewController.h; sourceTree = "<group>"; };
		CBE5E7111B9D7BF9003AF49C /* SearchViewController.m */ = {isa = PBXFileReference; fileEncoding = 4; lastKnownFileType = sourcecode.c.objc; name = SearchViewController.m; path = Controller/SearchViewController.m; sourceTree = "<group>"; };
		CBE5E7121B9D7BF9003AF49C /* SearchViewController.xib */ = {isa = PBXFileReference; fileEncoding = 4; lastKnownFileType = file.xib; name = SearchViewController.xib; path = Controller/SearchViewController.xib; sourceTree = "<group>"; };
		CBE5E7161B9D8D22003AF49C /* SearchResult.h */ = {isa = PBXFileReference; fileEncoding = 4; lastKnownFileType = sourcecode.c.h; name = SearchResult.h; path = Model/SearchResult.h; sourceTree = "<group>"; };
		CBE5E7171B9D8D22003AF49C /* SearchResult.m */ = {isa = PBXFileReference; fileEncoding = 4; lastKnownFileType = sourcecode.c.objc; name = SearchResult.m; path = Model/SearchResult.m; sourceTree = "<group>"; };
		CBE5E71A1B9DABA5003AF49C /* SearchResultCell.xib */ = {isa = PBXFileReference; fileEncoding = 4; lastKnownFileType = file.xib; path = SearchResultCell.xib; sourceTree = "<group>"; };
		CBE5E71D1B9DAF36003AF49C /* SearchResultCell.h */ = {isa = PBXFileReference; fileEncoding = 4; lastKnownFileType = sourcecode.c.h; name = SearchResultCell.h; path = View/SearchResultCell.h; sourceTree = "<group>"; };
		CBE5E71E1B9DAF36003AF49C /* SearchResultCell.m */ = {isa = PBXFileReference; fileEncoding = 4; lastKnownFileType = sourcecode.c.objc; name = SearchResultCell.m; path = View/SearchResultCell.m; sourceTree = "<group>"; };
		CBE5E7201B9DB7D5003AF49C /* NothingFoundCell.xib */ = {isa = PBXFileReference; fileEncoding = 4; lastKnownFileType = file.xib; path = NothingFoundCell.xib; sourceTree = "<group>"; };
/* End PBXFileReference section */

/* Begin PBXFrameworksBuildPhase section */
		CBE5E6E41B9D7B71003AF49C /* Frameworks */ = {
			isa = PBXFrameworksBuildPhase;
			buildActionMask = 2147483647;
			files = (
				41B4CDC259D70C34EA648805 /* libPods-StoreSearch.a in Frameworks */,
			);
			runOnlyForDeploymentPostprocessing = 0;
		};
		CBE5E6FD1B9D7B71003AF49C /* Frameworks */ = {
			isa = PBXFrameworksBuildPhase;
			buildActionMask = 2147483647;
			files = (
			);
			runOnlyForDeploymentPostprocessing = 0;
		};
/* End PBXFrameworksBuildPhase section */

/* Begin PBXGroup section */
		CBE5E6DE1B9D7B71003AF49C = {
			isa = PBXGroup;
			children = (
				CBE5E6E91B9D7B71003AF49C /* StoreSearch */,
				CBE5E7031B9D7B71003AF49C /* StoreSearchTests */,
				CBE5E6E81B9D7B71003AF49C /* Products */,
				D4A914D57DA193F986184C7C /* Pods */,
				DE78080331612EF377AF17AD /* Frameworks */,
			);
			sourceTree = "<group>";
		};
		CBE5E6E81B9D7B71003AF49C /* Products */ = {
			isa = PBXGroup;
			children = (
				CBE5E6E71B9D7B71003AF49C /* StoreSearch.app */,
				CBE5E7001B9D7B71003AF49C /* StoreSearchTests.xctest */,
			);
			name = Products;
			sourceTree = "<group>";
		};
		CBE5E6E91B9D7B71003AF49C /* StoreSearch */ = {
			isa = PBXGroup;
			children = (
				CBE5E6EE1B9D7B71003AF49C /* AppDelegate.h */,
				CBE5E6EF1B9D7B71003AF49C /* AppDelegate.m */,
				CBE5E6F71B9D7B71003AF49C /* Images.xcassets */,
				CBE5E7191B9D8D27003AF49C /* Model */,
				CBE5E6EA1B9D7B71003AF49C /* Supporting Files */,
				CBE5E7151B9D7BFF003AF49C /* Controller */,
				CBE5E71C1B9DABAE003AF49C /* View */,
			);
			path = StoreSearch;
			sourceTree = "<group>";
		};
		CBE5E6EA1B9D7B71003AF49C /* Supporting Files */ = {
			isa = PBXGroup;
			children = (
				CBE5E6EB1B9D7B71003AF49C /* Info.plist */,
				CBE5E6EC1B9D7B71003AF49C /* main.m */,
			);
			name = "Supporting Files";
			sourceTree = "<group>";
		};
		CBE5E7031B9D7B71003AF49C /* StoreSearchTests */ = {
			isa = PBXGroup;
			children = (
				CBE5E7061B9D7B71003AF49C /* StoreSearchTests.m */,
				CBE5E7041B9D7B71003AF49C /* Supporting Files */,
			);
			path = StoreSearchTests;
			sourceTree = "<group>";
		};
		CBE5E7041B9D7B71003AF49C /* Supporting Files */ = {
			isa = PBXGroup;
			children = (
				CBE5E7051B9D7B71003AF49C /* Info.plist */,
			);
			name = "Supporting Files";
			sourceTree = "<group>";
		};
		CBE5E7151B9D7BFF003AF49C /* Controller */ = {
			isa = PBXGroup;
			children = (
				CBE5E7101B9D7BF9003AF49C /* SearchViewController.h */,
				CBE5E7111B9D7BF9003AF49C /* SearchViewController.m */,
				CBE5E7121B9D7BF9003AF49C /* SearchViewController.xib */,
				CB8B56DB1B9F19C500DB29A1 /* DetailViewController.h */,
				CB8B56DC1B9F19C500DB29A1 /* DetailViewController.m */,
				CB8B56DD1B9F19C500DB29A1 /* DetailViewController.xib */,
				CBAD37391BA068A600CA5087 /* LandscapeViewController.h */,
				CBAD373A1BA068A600CA5087 /* LandscapeViewController.m */,
				CBAD373B1BA068A600CA5087 /* LandscapeViewController.xib */,
			);
			name = Controller;
			sourceTree = "<group>";
		};
		CBE5E7191B9D8D27003AF49C /* Model */ = {
			isa = PBXGroup;
			children = (
				CBE5E7161B9D8D22003AF49C /* SearchResult.h */,
				CBE5E7171B9D8D22003AF49C /* SearchResult.m */,
			);
			name = Model;
			sourceTree = "<group>";
		};
		CBE5E71C1B9DABAE003AF49C /* View */ = {
			isa = PBXGroup;
			children = (
				CB8B56D91B9EC7FD00DB29A1 /* LoadingCell.xib */,
				CBE5E7201B9DB7D5003AF49C /* NothingFoundCell.xib */,
				CBE5E71A1B9DABA5003AF49C /* SearchResultCell.xib */,
				CBE5E71D1B9DAF36003AF49C /* SearchResultCell.h */,
				CBE5E71E1B9DAF36003AF49C /* SearchResultCell.m */,
				CBAD37331BA04D5100CA5087 /* GradientView.h */,
				CBAD37341BA04D5100CA5087 /* GradientView.m */,
			);
			name = View;
			sourceTree = "<group>";
		};
		D4A914D57DA193F986184C7C /* Pods */ = {
			isa = PBXGroup;
			children = (
				502F77A89DEDCA99399BCC7A /* Pods-StoreSearch.debug.xcconfig */,
				913312D1CD2C8C2A0D6838D8 /* Pods-StoreSearch.release.xcconfig */,
			);
			name = Pods;
			sourceTree = "<group>";
		};
		DE78080331612EF377AF17AD /* Frameworks */ = {
			isa = PBXGroup;
			children = (
				9B93F2438DE6D042AD63060B /* libPods-StoreSearch.a */,
			);
			name = Frameworks;
			sourceTree = "<group>";
		};
/* End PBXGroup section */

/* Begin PBXNativeTarget section */
		CBE5E6E61B9D7B71003AF49C /* StoreSearch */ = {
			isa = PBXNativeTarget;
			buildConfigurationList = CBE5E70A1B9D7B71003AF49C /* Build configuration list for PBXNativeTarget "StoreSearch" */;
			buildPhases = (
				08836C0B706E10F30A122F7E /* Check Pods Manifest.lock */,
				CBE5E6E31B9D7B71003AF49C /* Sources */,
				CBE5E6E41B9D7B71003AF49C /* Frameworks */,
				CBE5E6E51B9D7B71003AF49C /* Resources */,
				C55CD68E23DC4A8DF27E4C49 /* Copy Pods Resources */,
			);
			buildRules = (
			);
			dependencies = (
			);
			name = StoreSearch;
			productName = StoreSearch;
			productReference = CBE5E6E71B9D7B71003AF49C /* StoreSearch.app */;
			productType = "com.apple.product-type.application";
		};
		CBE5E6FF1B9D7B71003AF49C /* StoreSearchTests */ = {
			isa = PBXNativeTarget;
			buildConfigurationList = CBE5E70D1B9D7B71003AF49C /* Build configuration list for PBXNativeTarget "StoreSearchTests" */;
			buildPhases = (
				CBE5E6FC1B9D7B71003AF49C /* Sources */,
				CBE5E6FD1B9D7B71003AF49C /* Frameworks */,
				CBE5E6FE1B9D7B71003AF49C /* Resources */,
			);
			buildRules = (
			);
			dependencies = (
				CBE5E7021B9D7B71003AF49C /* PBXTargetDependency */,
			);
			name = StoreSearchTests;
			productName = StoreSearchTests;
			productReference = CBE5E7001B9D7B71003AF49C /* StoreSearchTests.xctest */;
			productType = "com.apple.product-type.bundle.unit-test";
		};
/* End PBXNativeTarget section */

/* Begin PBXProject section */
		CBE5E6DF1B9D7B71003AF49C /* Project object */ = {
			isa = PBXProject;
			attributes = {
				LastUpgradeCheck = 0640;
				ORGANIZATIONNAME = "zhu yongxuan";
				TargetAttributes = {
					CBE5E6E61B9D7B71003AF49C = {
						CreatedOnToolsVersion = 6.4;
					};
					CBE5E6FF1B9D7B71003AF49C = {
						CreatedOnToolsVersion = 6.4;
						TestTargetID = CBE5E6E61B9D7B71003AF49C;
					};
				};
			};
			buildConfigurationList = CBE5E6E21B9D7B71003AF49C /* Build configuration list for PBXProject "StoreSearch" */;
			compatibilityVersion = "Xcode 3.2";
			developmentRegion = English;
			hasScannedForEncodings = 0;
			knownRegions = (
				en,
				Base,
			);
			mainGroup = CBE5E6DE1B9D7B71003AF49C;
			productRefGroup = CBE5E6E81B9D7B71003AF49C /* Products */;
			projectDirPath = "";
			projectRoot = "";
			targets = (
				CBE5E6E61B9D7B71003AF49C /* StoreSearch */,
				CBE5E6FF1B9D7B71003AF49C /* StoreSearchTests */,
			);
		};
/* End PBXProject section */

/* Begin PBXResourcesBuildPhase section */
		CBE5E6E51B9D7B71003AF49C /* Resources */ = {
			isa = PBXResourcesBuildPhase;
			buildActionMask = 2147483647;
			files = (
				CBE5E7211B9DB7D5003AF49C /* NothingFoundCell.xib in Resources */,
				CB8B56DF1B9F19C500DB29A1 /* DetailViewController.xib in Resources */,
				CBE5E7141B9D7BF9003AF49C /* SearchViewController.xib in Resources */,
				CBE5E71B1B9DABA5003AF49C /* SearchResultCell.xib in Resources */,
				CB8B56DA1B9EC7FD00DB29A1 /* LoadingCell.xib in Resources */,
				CBE5E6F81B9D7B71003AF49C /* Images.xcassets in Resources */,
				CBAD373D1BA068A600CA5087 /* LandscapeViewController.xib in Resources */,
			);
			runOnlyForDeploymentPostprocessing = 0;
		};
		CBE5E6FE1B9D7B71003AF49C /* Resources */ = {
			isa = PBXResourcesBuildPhase;
			buildActionMask = 2147483647;
			files = (
			);
			runOnlyForDeploymentPostprocessing = 0;
		};
/* End PBXResourcesBuildPhase section */

/* Begin PBXShellScriptBuildPhase section */
		08836C0B706E10F30A122F7E /* Check Pods Manifest.lock */ = {
			isa = PBXShellScriptBuildPhase;
			buildActionMask = 2147483647;
			files = (
			);
			inputPaths = (
			);
			name = "Check Pods Manifest.lock";
			outputPaths = (
			);
			runOnlyForDeploymentPostprocessing = 0;
			shellPath = /bin/sh;
			shellScript = "diff \"${PODS_ROOT}/../Podfile.lock\" \"${PODS_ROOT}/Manifest.lock\" > /dev/null\nif [[ $? != 0 ]] ; then\n    cat << EOM\nerror: The sandbox is not in sync with the Podfile.lock. Run 'pod install' or update your CocoaPods installation.\nEOM\n    exit 1\nfi\n";
			showEnvVarsInLog = 0;
		};
		C55CD68E23DC4A8DF27E4C49 /* Copy Pods Resources */ = {
			isa = PBXShellScriptBuildPhase;
			buildActionMask = 2147483647;
			files = (
			);
			inputPaths = (
			);
			name = "Copy Pods Resources";
			outputPaths = (
			);
			runOnlyForDeploymentPostprocessing = 0;
			shellPath = /bin/sh;
			shellScript = "\"${SRCROOT}/Pods/Target Support Files/Pods-StoreSearch/Pods-StoreSearch-resources.sh\"\n";
			showEnvVarsInLog = 0;
		};
/* End PBXShellScriptBuildPhase section */

/* Begin PBXSourcesBuildPhase section */
		CBE5E6E31B9D7B71003AF49C /* Sources */ = {
			isa = PBXSourcesBuildPhase;
			buildActionMask = 2147483647;
			files = (
				CBE5E6F01B9D7B71003AF49C /* AppDelegate.m in Sources */,
				CBE5E7131B9D7BF9003AF49C /* SearchViewController.m in Sources */,
				CBE5E71F1B9DAF36003AF49C /* SearchResultCell.m in Sources */,
				CBE5E7181B9D8D22003AF49C /* SearchResult.m in Sources */,
				CBE5E6ED1B9D7B71003AF49C /* main.m in Sources */,
				CBAD37351BA04D5100CA5087 /* GradientView.m in Sources */,
				CBAD373C1BA068A600CA5087 /* LandscapeViewController.m in Sources */,
				CB8B56DE1B9F19C500DB29A1 /* DetailViewController.m in Sources */,
			);
			runOnlyForDeploymentPostprocessing = 0;
		};
		CBE5E6FC1B9D7B71003AF49C /* Sources */ = {
			isa = PBXSourcesBuildPhase;
			buildActionMask = 2147483647;
			files = (
				CBE5E7071B9D7B71003AF49C /* StoreSearchTests.m in Sources */,
			);
			runOnlyForDeploymentPostprocessing = 0;
		};
/* End PBXSourcesBuildPhase section */

/* Begin PBXTargetDependency section */
		CBE5E7021B9D7B71003AF49C /* PBXTargetDependency */ = {
			isa = PBXTargetDependency;
			target = CBE5E6E61B9D7B71003AF49C /* StoreSearch */;
			targetProxy = CBE5E7011B9D7B71003AF49C /* PBXContainerItemProxy */;
		};
/* End PBXTargetDependency section */

/* Begin XCBuildConfiguration section */
		CBE5E7081B9D7B71003AF49C /* Debug */ = {
			isa = XCBuildConfiguration;
			buildSettings = {
				ALWAYS_SEARCH_USER_PATHS = NO;
				CLANG_CXX_LANGUAGE_STANDARD = "gnu++0x";
				CLANG_CXX_LIBRARY = "libc++";
				CLANG_ENABLE_MODULES = YES;
				CLANG_ENABLE_OBJC_ARC = YES;
				CLANG_WARN_BOOL_CONVERSION = YES;
				CLANG_WARN_CONSTANT_CONVERSION = YES;
				CLANG_WARN_DIRECT_OBJC_ISA_USAGE = YES_ERROR;
				CLANG_WARN_EMPTY_BODY = YES;
				CLANG_WARN_ENUM_CONVERSION = YES;
				CLANG_WARN_INT_CONVERSION = YES;
				CLANG_WARN_OBJC_ROOT_CLASS = YES_ERROR;
				CLANG_WARN_UNREACHABLE_CODE = YES;
				CLANG_WARN__DUPLICATE_METHOD_MATCH = YES;
				"CODE_SIGN_IDENTITY[sdk=iphoneos*]" = "iPhone Developer";
				COPY_PHASE_STRIP = NO;
				DEBUG_INFORMATION_FORMAT = "dwarf-with-dsym";
				ENABLE_STRICT_OBJC_MSGSEND = YES;
				GCC_C_LANGUAGE_STANDARD = gnu99;
				GCC_DYNAMIC_NO_PIC = NO;
				GCC_NO_COMMON_BLOCKS = YES;
				GCC_OPTIMIZATION_LEVEL = 0;
				GCC_PREPROCESSOR_DEFINITIONS = (
					"DEBUG=1",
					"$(inherited)",
				);
				GCC_SYMBOLS_PRIVATE_EXTERN = NO;
				GCC_WARN_64_TO_32_BIT_CONVERSION = YES;
				GCC_WARN_ABOUT_RETURN_TYPE = YES_ERROR;
				GCC_WARN_UNDECLARED_SELECTOR = YES;
				GCC_WARN_UNINITIALIZED_AUTOS = YES_AGGRESSIVE;
				GCC_WARN_UNUSED_FUNCTION = YES;
				GCC_WARN_UNUSED_VARIABLE = YES;
				IPHONEOS_DEPLOYMENT_TARGET = 8.4;
				MTL_ENABLE_DEBUG_INFO = YES;
				ONLY_ACTIVE_ARCH = YES;
				SDKROOT = iphoneos;
			};
			name = Debug;
		};
		CBE5E7091B9D7B71003AF49C /* Release */ = {
			isa = XCBuildConfiguration;
			buildSettings = {
				ALWAYS_SEARCH_USER_PATHS = NO;
				CLANG_CXX_LANGUAGE_STANDARD = "gnu++0x";
				CLANG_CXX_LIBRARY = "libc++";
				CLANG_ENABLE_MODULES = YES;
				CLANG_ENABLE_OBJC_ARC = YES;
				CLANG_WARN_BOOL_CONVERSION = YES;
				CLANG_WARN_CONSTANT_CONVERSION = YES;
				CLANG_WARN_DIRECT_OBJC_ISA_USAGE = YES_ERROR;
				CLANG_WARN_EMPTY_BODY = YES;
				CLANG_WARN_ENUM_CONVERSION = YES;
				CLANG_WARN_INT_CONVERSION = YES;
				CLANG_WARN_OBJC_ROOT_CLASS = YES_ERROR;
				CLANG_WARN_UNREACHABLE_CODE = YES;
				CLANG_WARN__DUPLICATE_METHOD_MATCH = YES;
				"CODE_SIGN_IDENTITY[sdk=iphoneos*]" = "iPhone Developer";
				COPY_PHASE_STRIP = NO;
				DEBUG_INFORMATION_FORMAT = "dwarf-with-dsym";
				ENABLE_NS_ASSERTIONS = NO;
				ENABLE_STRICT_OBJC_MSGSEND = YES;
				GCC_C_LANGUAGE_STANDARD = gnu99;
				GCC_NO_COMMON_BLOCKS = YES;
				GCC_WARN_64_TO_32_BIT_CONVERSION = YES;
				GCC_WARN_ABOUT_RETURN_TYPE = YES_ERROR;
				GCC_WARN_UNDECLARED_SELECTOR = YES;
				GCC_WARN_UNINITIALIZED_AUTOS = YES_AGGRESSIVE;
				GCC_WARN_UNUSED_FUNCTION = YES;
				GCC_WARN_UNUSED_VARIABLE = YES;
				IPHONEOS_DEPLOYMENT_TARGET = 8.4;
				MTL_ENABLE_DEBUG_INFO = NO;
				SDKROOT = iphoneos;
				VALIDATE_PRODUCT = YES;
			};
			name = Release;
		};
		CBE5E70B1B9D7B71003AF49C /* Debug */ = {
			isa = XCBuildConfiguration;
			baseConfigurationReference = 502F77A89DEDCA99399BCC7A /* Pods-StoreSearch.debug.xcconfig */;
			buildSettings = {
				ASSETCATALOG_COMPILER_APPICON_NAME = AppIcon;
				ASSETCATALOG_COMPILER_LAUNCHIMAGE_NAME = LaunchImage;
				INFOPLIST_FILE = StoreSearch/Info.plist;
				IPHONEOS_DEPLOYMENT_TARGET = 7.0;
				LD_RUNPATH_SEARCH_PATHS = "$(inherited) @executable_path/Frameworks";
				PRODUCT_NAME = "$(TARGET_NAME)";
				USER_HEADER_SEARCH_PATHS = "\"${PROJECT_DIR}/Pods\"/**";
			};
			name = Debug;
		};
		CBE5E70C1B9D7B71003AF49C /* Release */ = {
			isa = XCBuildConfiguration;
			baseConfigurationReference = 913312D1CD2C8C2A0D6838D8 /* Pods-StoreSearch.release.xcconfig */;
			buildSettings = {
				ASSETCATALOG_COMPILER_APPICON_NAME = AppIcon;
				ASSETCATALOG_COMPILER_LAUNCHIMAGE_NAME = LaunchImage;
				INFOPLIST_FILE = StoreSearch/Info.plist;
				IPHONEOS_DEPLOYMENT_TARGET = 7.0;
				LD_RUNPATH_SEARCH_PATHS = "$(inherited) @executable_path/Frameworks";
				PRODUCT_NAME = "$(TARGET_NAME)";
				USER_HEADER_SEARCH_PATHS = "\"${PROJECT_DIR}/Pods\"/**";
			};
			name = Release;
		};
		CBE5E70E1B9D7B71003AF49C /* Debug */ = {
			isa = XCBuildConfiguration;
			buildSettings = {
				BUNDLE_LOADER = "$(TEST_HOST)";
				FRAMEWORK_SEARCH_PATHS = (
					"$(SDKROOT)/Developer/Library/Frameworks",
					"$(inherited)",
				);
				GCC_PREPROCESSOR_DEFINITIONS = (
					"DEBUG=1",
					"$(inherited)",
				);
				INFOPLIST_FILE = StoreSearchTests/Info.plist;
				LD_RUNPATH_SEARCH_PATHS = "$(inherited) @executable_path/Frameworks @loader_path/Frameworks";
				PRODUCT_NAME = "$(TARGET_NAME)";
				TEST_HOST = "$(BUILT_PRODUCTS_DIR)/StoreSearch.app/StoreSearch";
			};
			name = Debug;
		};
		CBE5E70F1B9D7B71003AF49C /* Release */ = {
			isa = XCBuildConfiguration;
			buildSettings = {
				BUNDLE_LOADER = "$(TEST_HOST)";
				FRAMEWORK_SEARCH_PATHS = (
					"$(SDKROOT)/Developer/Library/Frameworks",
					"$(inherited)",
				);
				INFOPLIST_FILE = StoreSearchTests/Info.plist;
				LD_RUNPATH_SEARCH_PATHS = "$(inherited) @executable_path/Frameworks @loader_path/Frameworks";
				PRODUCT_NAME = "$(TARGET_NAME)";
				TEST_HOST = "$(BUILT_PRODUCTS_DIR)/StoreSearch.app/StoreSearch";
			};
			name = Release;
		};
/* End XCBuildConfiguration section */

/* Begin XCConfigurationList section */
		CBE5E6E21B9D7B71003AF49C /* Build configuration list for PBXProject "StoreSearch" */ = {
			isa = XCConfigurationList;
			buildConfigurations = (
				CBE5E7081B9D7B71003AF49C /* Debug */,
				CBE5E7091B9D7B71003AF49C /* Release */,
			);
			defaultConfigurationIsVisible = 0;
			defaultConfigurationName = Release;
		};
		CBE5E70A1B9D7B71003AF49C /* Build configuration list for PBXNativeTarget "StoreSearch" */ = {
			isa = XCConfigurationList;
			buildConfigurations = (
				CBE5E70B1B9D7B71003AF49C /* Debug */,
				CBE5E70C1B9D7B71003AF49C /* Release */,
			);
			defaultConfigurationIsVisible = 0;
			defaultConfigurationName = Release;
		};
		CBE5E70D1B9D7B71003AF49C /* Build configuration list for PBXNativeTarget "StoreSearchTests" */ = {
			isa = XCConfigurationList;
			buildConfigurations = (
				CBE5E70E1B9D7B71003AF49C /* Debug */,
				CBE5E70F1B9D7B71003AF49C /* Release */,
			);
			defaultConfigurationIsVisible = 0;
			defaultConfigurationName = Release;
		};
/* End XCConfigurationList section */
	};
	rootObject = CBE5E6DF1B9D7B71003AF49C /* Project object */;
}
